github.com/davecgh/go-spew v1.1.0/go.mod h1:J7Y8YcW2NihsgmVo/mv3lAwl/skON4iLHjSsI+c5H38=
github.com/davecgh/go-spew v1.1.1 h1:vj9j/u1bqnvCEfJOwUhtlOARqs3+rkHYY13jYWTU97c=
github.com/davecgh/go-spew v1.1.1/go.mod h1:J7Y8YcW2NihsgmVo/mv3lAwl/skON4iLHjSsI+c5H38=
github.com/pmezard/go-difflib v1.0.0 h1:4DBwDE0NGyQoBHbLQYPwSUPoCMWR5BEzIk/f1lZbAQM=
github.com/pmezard/go-difflib v1.0.0/go.mod h1:iKH77koFhYxTK1pcRnkKkqfTogsbg7gZNVY4sRDYZ/4=
github.com/stretchr/objx v0.1.0/go.mod h1:HFkY916IF+rwdDfMAkV7OtwuqBVzrE8GR6GFx+wExME=
github.com/stretchr/objx v0.4.0/go.mod h1:YvHI0jy2hoMjB+UWwv71VJQ9isScKT/TqJzVSSt89Yw=
github.com/stretchr/objx v0.5.0/go.mod h1:Yh+to48EsGEfYuaHDzXPcE3xhTkx73EhmCGUpEOglKo=
github.com/stretchr/testify v1.7.1/go.mod h1:6Fq8oRcR53rry900zMqJjRRixrwX3KX962/h/Wwjteg=
github.com/stretchr/testify v1.8.0/go.mod h1:yNjHg4UonilssWZ8iaSj1OCr/vHnekPRkoO+kdMU+MU=
github.com/stretchr/testify v1.8.2 h1:+h33VjcLVPDHtOdpUCuF+7gSuG3yGIftsP1YvFihtJ8=
github.com/stretchr/testify v1.8.2/go.mod h1:w2LPCIKwWwSfY2zedu0+kehJoqGctiVI29o6fzry7u4=
github.com/trojsten/ksp-proboj v0.0.0-20230223145316-5a3a24c3966f h1:eeoutVYTaQe7dBOOrshSbGKwcZQEZ6naSD2muicND1g=
github.com/trojsten/ksp-proboj v0.0.0-20230223145316-5a3a24c3966f/go.mod h1:tALEYYBSVV344ucollAN8ynROo3a6EaGn8uFb0KiPQI=
github.com/trojsten/ksp-proboj v0.0.0-20230326064840-a5e62acf052f h1:qaKcyqEYROfCBz4edoT5QTplK77482RhoiL4atIhwRk=
github.com/trojsten/ksp-proboj v0.0.0-20230326064840-a5e62acf052f/go.mod h1:W2qcbpdKiJ82Oo1vytgT7uaICJJMfHrAJRUqldHM2W4=
github.com/trojsten/ksp-proboj v0.0.0-20230328120622-4eb92c41ef89 h1:mKWg50d6RxtNvpyv7OJ2tt+Yrz6z5Vz36WWsLq0zZFM=
github.com/trojsten/ksp-proboj v0.0.0-20230328120622-4eb92c41ef89/go.mod h1:W2qcbpdKiJ82Oo1vytgT7uaICJJMfHrAJRUqldHM2W4=
github.com/trojsten/ksp-proboj v0.0.0-20230330150842-bcf78eb172ce h1:Ubr9XI5WOMh9cFIHqvzdt9BVSoQu5xAARMaLpT+ryfY=
github.com/trojsten/ksp-proboj v0.0.0-20230330150842-bcf78eb172ce/go.mod h1:W2qcbpdKiJ82Oo1vytgT7uaICJJMfHrAJRUqldHM2W4=
gopkg.in/check.v1 v0.0.0-20161208181325-20d25e280405 h1:yhCVgyC4o1eVCa2tZl7eS0r+SDo693bJlVdllGtEeKM=
gopkg.in/check.v1 v0.0.0-20161208181325-20d25e280405/go.mod h1:Co6ibVJAznAaIkqp8huTwlJQCZ016jof/cbN4VW5Yz0=
gopkg.in/yaml.v3 v3.0.0-20200313102051-9f266ea9e77c/go.mod h1:K4uyk7z7BCEPqu6E+C64Yfv1cQ7kz7rIZviUmN+EgEM=
gopkg.in/yaml.v3 v3.0.1 h1:fxVm/GzAzEWqLHuvctI91KS9hhNmmWOoWu0XTYJS7CA=
gopkg.in/yaml.v3 v3.0.1/go.mod h1:K4uyk7z7BCEPqu6E+C64Yfv1cQ7kz7rIZviUmN+EgEM=
